
Microsoft Visual Studio Solution File, Format Version 12.00
# Visual Studio Version 17
VisualStudioVersion = 17.9.34622.214
MinimumVisualStudioVersion = 10.0.40219.1
Project("{8BC9CEB8-8B4A-11D0-8D11-00A0C91BC942}") = "Data ADT", "Data ADT\Data ADT.vcxproj", "{ACDA109F-AC99-44E3-93F5-17989F94F8E9}"
EndProject
Global
	GlobalSection(SolutionConfigurationPlatforms) = preSolution
		Debug|x64 = Debug|x64
		Debug|x86 = Debug|x86
		Release|x64 = Release|x64
		Release|x86 = Release|x86
	EndGlobalSection
	GlobalSection(ProjectConfigurationPlatforms) = postSolution
		{ACDA109F-AC99-44E3-93F5-17989F94F8E9}.Debug|x64.ActiveCfg = Debug|x64
		{ACDA109F-AC99-44E3-93F5-17989F94F8E9}.Debug|x64.Build.0 = Debug|x64
		{ACDA109F-AC99-44E3-93F5-17989F94F8E9}.Debug|x86.ActiveCfg = Debug|Win32
		{ACDA109F-AC99-44E3-93F5-17989F94F8E9}.Debug|x86.Build.0 = Debug|Win32
		{ACDA109F-AC99-44E3-93F5-17989F94F8E9}.Release|x64.ActiveCfg = Release|x64
		{ACDA109F-AC99-44E3-93F5-17989F94F8E9}.Release|x64.Build.0 = Release|x64
		{ACDA109F-AC99-44E3-93F5-17989F94F8E9}.Release|x86.ActiveCfg = Release|Win32
		{ACDA109F-AC99-44E3-93F5-17989F94F8E9}.Release|x86.Build.0 = Release|Win32
	EndGlobalSection
	GlobalSection(SolutionProperties) = preSolution
		HideSolutionNode = FALSE
	EndGlobalSection
	GlobalSection(ExtensibilityGlobals) = postSolution
		SolutionGuid = {C5865FA0-0725-49F4-8E0B-032237AFB17F}
	EndGlobalSection
EndGlobal
