
Microsoft Visual Studio Solution File, Format Version 12.00
# Visual Studio Version 17
VisualStudioVersion = 17.9.34622.214
MinimumVisualStudioVersion = 10.0.40219.1
Project("{8BC9CEB8-8B4A-11D0-8D11-00A0C91BC942}") = "Standard Streams", "Standard Streams\Standard Streams.vcxproj", "{D396E0D6-4882-4CDD-BE5F-8DD186796326}"
EndProject
Project("{8BC9CEB8-8B4A-11D0-8D11-00A0C91BC942}") = "CommandLine Args", "CommandLine Args\CommandLine Args.vcxproj", "{DBEFC5A2-B339-4369-91D0-52E1F8CF35CD}"
EndProject
Project("{8BC9CEB8-8B4A-11D0-8D11-00A0C91BC942}") = "ADT File IO", "ADT File IO\ADT File IO.vcxproj", "{68DB804B-47EB-472B-84FF-8E17E033FF28}"
EndProject
Project("{8BC9CEB8-8B4A-11D0-8D11-00A0C91BC942}") = "CommandLineArgs2", "CommandLineArgs2\CommandLineArgs2.vcxproj", "{92FB4E7A-220E-4FF7-933E-E755D534F29C}"
EndProject
Project("{8BC9CEB8-8B4A-11D0-8D11-00A0C91BC942}") = "HungerGamesFileRead", "HungerGamesFileRead\HungerGamesFileRead.vcxproj", "{4FCFDE3F-5439-422A-B2F6-C341DDB3C9DF}"
EndProject
Project("{8BC9CEB8-8B4A-11D0-8D11-00A0C91BC942}") = "DataADTRead", "DataADTRead\DataADTRead.vcxproj", "{73A8EB81-AA3A-4133-8A2F-825F9A853D57}"
EndProject
Global
	GlobalSection(SolutionConfigurationPlatforms) = preSolution
		Debug|x64 = Debug|x64
		Debug|x86 = Debug|x86
		Release|x64 = Release|x64
		Release|x86 = Release|x86
	EndGlobalSection
	GlobalSection(ProjectConfigurationPlatforms) = postSolution
		{D396E0D6-4882-4CDD-BE5F-8DD186796326}.Debug|x64.ActiveCfg = Debug|x64
		{D396E0D6-4882-4CDD-BE5F-8DD186796326}.Debug|x64.Build.0 = Debug|x64
		{D396E0D6-4882-4CDD-BE5F-8DD186796326}.Debug|x86.ActiveCfg = Debug|Win32
		{D396E0D6-4882-4CDD-BE5F-8DD186796326}.Debug|x86.Build.0 = Debug|Win32
		{D396E0D6-4882-4CDD-BE5F-8DD186796326}.Release|x64.ActiveCfg = Release|x64
		{D396E0D6-4882-4CDD-BE5F-8DD186796326}.Release|x64.Build.0 = Release|x64
		{D396E0D6-4882-4CDD-BE5F-8DD186796326}.Release|x86.ActiveCfg = Release|Win32
		{D396E0D6-4882-4CDD-BE5F-8DD186796326}.Release|x86.Build.0 = Release|Win32
		{DBEFC5A2-B339-4369-91D0-52E1F8CF35CD}.Debug|x64.ActiveCfg = Debug|x64
		{DBEFC5A2-B339-4369-91D0-52E1F8CF35CD}.Debug|x64.Build.0 = Debug|x64
		{DBEFC5A2-B339-4369-91D0-52E1F8CF35CD}.Debug|x86.ActiveCfg = Debug|Win32
		{DBEFC5A2-B339-4369-91D0-52E1F8CF35CD}.Debug|x86.Build.0 = Debug|Win32
		{DBEFC5A2-B339-4369-91D0-52E1F8CF35CD}.Release|x64.ActiveCfg = Release|x64
		{DBEFC5A2-B339-4369-91D0-52E1F8CF35CD}.Release|x64.Build.0 = Release|x64
		{DBEFC5A2-B339-4369-91D0-52E1F8CF35CD}.Release|x86.ActiveCfg = Release|Win32
		{DBEFC5A2-B339-4369-91D0-52E1F8CF35CD}.Release|x86.Build.0 = Release|Win32
		{68DB804B-47EB-472B-84FF-8E17E033FF28}.Debug|x64.ActiveCfg = Debug|x64
		{68DB804B-47EB-472B-84FF-8E17E033FF28}.Debug|x64.Build.0 = Debug|x64
		{68DB804B-47EB-472B-84FF-8E17E033FF28}.Debug|x86.ActiveCfg = Debug|Win32
		{68DB804B-47EB-472B-84FF-8E17E033FF28}.Debug|x86.Build.0 = Debug|Win32
		{68DB804B-47EB-472B-84FF-8E17E033FF28}.Release|x64.ActiveCfg = Release|x64
		{68DB804B-47EB-472B-84FF-8E17E033FF28}.Release|x64.Build.0 = Release|x64
		{68DB804B-47EB-472B-84FF-8E17E033FF28}.Release|x86.ActiveCfg = Release|Win32
		{68DB804B-47EB-472B-84FF-8E17E033FF28}.Release|x86.Build.0 = Release|Win32
		{92FB4E7A-220E-4FF7-933E-E755D534F29C}.Debug|x64.ActiveCfg = Debug|x64
		{92FB4E7A-220E-4FF7-933E-E755D534F29C}.Debug|x64.Build.0 = Debug|x64
		{92FB4E7A-220E-4FF7-933E-E755D534F29C}.Debug|x86.ActiveCfg = Debug|Win32
		{92FB4E7A-220E-4FF7-933E-E755D534F29C}.Debug|x86.Build.0 = Debug|Win32
		{92FB4E7A-220E-4FF7-933E-E755D534F29C}.Release|x64.ActiveCfg = Release|x64
		{92FB4E7A-220E-4FF7-933E-E755D534F29C}.Release|x64.Build.0 = Release|x64
		{92FB4E7A-220E-4FF7-933E-E755D534F29C}.Release|x86.ActiveCfg = Release|Win32
		{92FB4E7A-220E-4FF7-933E-E755D534F29C}.Release|x86.Build.0 = Release|Win32
		{4FCFDE3F-5439-422A-B2F6-C341DDB3C9DF}.Debug|x64.ActiveCfg = Debug|x64
		{4FCFDE3F-5439-422A-B2F6-C341DDB3C9DF}.Debug|x64.Build.0 = Debug|x64
		{4FCFDE3F-5439-422A-B2F6-C341DDB3C9DF}.Debug|x86.ActiveCfg = Debug|Win32
		{4FCFDE3F-5439-422A-B2F6-C341DDB3C9DF}.Debug|x86.Build.0 = Debug|Win32
		{4FCFDE3F-5439-422A-B2F6-C341DDB3C9DF}.Release|x64.ActiveCfg = Release|x64
		{4FCFDE3F-5439-422A-B2F6-C341DDB3C9DF}.Release|x64.Build.0 = Release|x64
		{4FCFDE3F-5439-422A-B2F6-C341DDB3C9DF}.Release|x86.ActiveCfg = Release|Win32
		{4FCFDE3F-5439-422A-B2F6-C341DDB3C9DF}.Release|x86.Build.0 = Release|Win32
		{73A8EB81-AA3A-4133-8A2F-825F9A853D57}.Debug|x64.ActiveCfg = Debug|x64
		{73A8EB81-AA3A-4133-8A2F-825F9A853D57}.Debug|x64.Build.0 = Debug|x64
		{73A8EB81-AA3A-4133-8A2F-825F9A853D57}.Debug|x86.ActiveCfg = Debug|Win32
		{73A8EB81-AA3A-4133-8A2F-825F9A853D57}.Debug|x86.Build.0 = Debug|Win32
		{73A8EB81-AA3A-4133-8A2F-825F9A853D57}.Release|x64.ActiveCfg = Release|x64
		{73A8EB81-AA3A-4133-8A2F-825F9A853D57}.Release|x64.Build.0 = Release|x64
		{73A8EB81-AA3A-4133-8A2F-825F9A853D57}.Release|x86.ActiveCfg = Release|Win32
		{73A8EB81-AA3A-4133-8A2F-825F9A853D57}.Release|x86.Build.0 = Release|Win32
	EndGlobalSection
	GlobalSection(SolutionProperties) = preSolution
		HideSolutionNode = FALSE
	EndGlobalSection
	GlobalSection(ExtensibilityGlobals) = postSolution
		SolutionGuid = {70FB8381-2982-467E-9D6A-BCA112142AA4}
	EndGlobalSection
EndGlobal
